
Microsoft Visual Studio Solution File, Format Version 12.00
# Visual Studio Version 17
VisualStudioVersion = 17.13.35825.156 d17.13
MinimumVisualStudioVersion = 10.0.40219.1
Project("{FAE04EC0-301F-11D3-BF4B-00C04F79EFBC}") = "TRIỂN KHAI VIEW", "TRIỂN KHAI VIEW\TRIỂN KHAI VIEW.csproj", "{AF1CC713-9DC1-4880-8B01-586AE1AF0CFB}"
EndProject
Global
	GlobalSection(SolutionConfigurationPlatforms) = preSolution
		Debug|Any CPU = Debug|Any CPU
		Release|Any CPU = Release|Any CPU
	EndGlobalSection
	GlobalSection(ProjectConfigurationPlatforms) = postSolution
		{AF1CC713-9DC1-4880-8B01-586AE1AF0CFB}.Debug|Any CPU.ActiveCfg = Debug|Any CPU
		{AF1CC713-9DC1-4880-8B01-586AE1AF0CFB}.Debug|Any CPU.Build.0 = Debug|Any CPU
		{AF1CC713-9DC1-4880-8B01-586AE1AF0CFB}.Release|Any CPU.ActiveCfg = Release|Any CPU
		{AF1CC713-9DC1-4880-8B01-586AE1AF0CFB}.Release|Any CPU.Build.0 = Release|Any CPU
	EndGlobalSection
	GlobalSection(SolutionProperties) = preSolution
		HideSolutionNode = FALSE
	EndGlobalSection
	GlobalSection(ExtensibilityGlobals) = postSolution
		SolutionGuid = {7F654868-D53D-4B5A-BEAB-199F89DA8FCB}
	EndGlobalSection
EndGlobal
